
Microsoft Visual Studio Solution File, Format Version 12.00
# Visual Studio Version 17
VisualStudioVersion = 17.12.35521.163 d17.12
MinimumVisualStudioVersion = 10.0.40219.1
Project("{FAE04EC0-301F-11D3-BF4B-00C04F79EFBC}") = "StudentMind", "StudentMind\StudentMind.csproj", "{F336B671-EBE5-4B7C-BFAA-338A7C30FB0A}"
EndProject
Project("{2150E333-8FDC-42A3-9474-1A3956D46DE8}") = "1.INTERFACE", "1.INTERFACE", "{17F60DC7-BBE9-483F-AC75-D3487F4808A0}"
EndProject
Project("{2150E333-8FDC-42A3-9474-1A3956D46DE8}") = "2.INFRASTRUCTURE", "2.INFRASTRUCTURE", "{4B395406-8B4A-4BBB-8156-352E8CBB5AFC}"
EndProject
Project("{2150E333-8FDC-42A3-9474-1A3956D46DE8}") = "3.SERVICES", "3.SERVICES", "{47208D52-4B05-46E4-B05B-15B4053B1856}"
EndProject
Project("{2150E333-8FDC-42A3-9474-1A3956D46DE8}") = "4.CORE", "4.CORE", "{E21D3D84-6602-476D-B2EC-0EF4F0374758}"
EndProject
Project("{FAE04EC0-301F-11D3-BF4B-00C04F79EFBC}") = "StudentMind.Infracstructure", "StudentMind.Infracstructure\StudentMind.Infracstructure.csproj", "{470FFB11-6CDD-48F9-B8F4-AACA04C4A30C}"
	ProjectSection(ProjectDependencies) = postProject
		{6ACF8874-A8DD-4074-90CF-22750B892572} = {6ACF8874-A8DD-4074-90CF-22750B892572}
		{F3A1E21F-6FAC-4888-979E-037BBA356B3B} = {F3A1E21F-6FAC-4888-979E-037BBA356B3B}
	EndProjectSection
EndProject
Project("{FAE04EC0-301F-11D3-BF4B-00C04F79EFBC}") = "StudentMind.Core", "StudentMind.Cor\StudentMind.Core.csproj", "{6ACF8874-A8DD-4074-90CF-22750B892572}"
EndProject
Project("{FAE04EC0-301F-11D3-BF4B-00C04F79EFBC}") = "StudentMind.Core.Contract", "StudentMind.Core.Contract\StudentMind.Core.Contract.csproj", "{F3A1E21F-6FAC-4888-979E-037BBA356B3B}"
EndProject
Project("{FAE04EC0-301F-11D3-BF4B-00C04F79EFBC}") = "StudentMind.Contract.UseCases", "StudentMind.Contract.UseCases\StudentMind.Contract.UseCases.csproj", "{A17244BD-8200-400F-9A83-FBD0D512C981}"
EndProject
Project("{FAE04EC0-301F-11D3-BF4B-00C04F79EFBC}") = "StudentMind.Services", "StudentMind.Services\StudentMind.Services.csproj", "{2DEAFF67-C897-464C-940E-849D7187AFDA}"
	ProjectSection(ProjectDependencies) = postProject
		{470FFB11-6CDD-48F9-B8F4-AACA04C4A30C} = {470FFB11-6CDD-48F9-B8F4-AACA04C4A30C}
		{6ACF8874-A8DD-4074-90CF-22750B892572} = {6ACF8874-A8DD-4074-90CF-22750B892572}
		{A17244BD-8200-400F-9A83-FBD0D512C981} = {A17244BD-8200-400F-9A83-FBD0D512C981}
		{F3A1E21F-6FAC-4888-979E-037BBA356B3B} = {F3A1E21F-6FAC-4888-979E-037BBA356B3B}
	EndProjectSection
EndProject
Global
	GlobalSection(SolutionConfigurationPlatforms) = preSolution
		Debug|Any CPU = Debug|Any CPU
		Release|Any CPU = Release|Any CPU
	EndGlobalSection
	GlobalSection(ProjectConfigurationPlatforms) = postSolution
		{F336B671-EBE5-4B7C-BFAA-338A7C30FB0A}.Debug|Any CPU.ActiveCfg = Debug|Any CPU
		{F336B671-EBE5-4B7C-BFAA-338A7C30FB0A}.Debug|Any CPU.Build.0 = Debug|Any CPU
		{F336B671-EBE5-4B7C-BFAA-338A7C30FB0A}.Release|Any CPU.ActiveCfg = Release|Any CPU
		{F336B671-EBE5-4B7C-BFAA-338A7C30FB0A}.Release|Any CPU.Build.0 = Release|Any CPU
		{470FFB11-6CDD-48F9-B8F4-AACA04C4A30C}.Debug|Any CPU.ActiveCfg = Debug|Any CPU
		{470FFB11-6CDD-48F9-B8F4-AACA04C4A30C}.Debug|Any CPU.Build.0 = Debug|Any CPU
		{470FFB11-6CDD-48F9-B8F4-AACA04C4A30C}.Release|Any CPU.ActiveCfg = Release|Any CPU
		{470FFB11-6CDD-48F9-B8F4-AACA04C4A30C}.Release|Any CPU.Build.0 = Release|Any CPU
		{6ACF8874-A8DD-4074-90CF-22750B892572}.Debug|Any CPU.ActiveCfg = Debug|Any CPU
		{6ACF8874-A8DD-4074-90CF-22750B892572}.Debug|Any CPU.Build.0 = Debug|Any CPU
		{6ACF8874-A8DD-4074-90CF-22750B892572}.Release|Any CPU.ActiveCfg = Release|Any CPU
		{6ACF8874-A8DD-4074-90CF-22750B892572}.Release|Any CPU.Build.0 = Release|Any CPU
		{F3A1E21F-6FAC-4888-979E-037BBA356B3B}.Debug|Any CPU.ActiveCfg = Debug|Any CPU
		{F3A1E21F-6FAC-4888-979E-037BBA356B3B}.Debug|Any CPU.Build.0 = Debug|Any CPU
		{F3A1E21F-6FAC-4888-979E-037BBA356B3B}.Release|Any CPU.ActiveCfg = Release|Any CPU
		{F3A1E21F-6FAC-4888-979E-037BBA356B3B}.Release|Any CPU.Build.0 = Release|Any CPU
		{A17244BD-8200-400F-9A83-FBD0D512C981}.Debug|Any CPU.ActiveCfg = Debug|Any CPU
		{A17244BD-8200-400F-9A83-FBD0D512C981}.Debug|Any CPU.Build.0 = Debug|Any CPU
		{A17244BD-8200-400F-9A83-FBD0D512C981}.Release|Any CPU.ActiveCfg = Release|Any CPU
		{A17244BD-8200-400F-9A83-FBD0D512C981}.Release|Any CPU.Build.0 = Release|Any CPU
		{2DEAFF67-C897-464C-940E-849D7187AFDA}.Debug|Any CPU.ActiveCfg = Debug|Any CPU
		{2DEAFF67-C897-464C-940E-849D7187AFDA}.Debug|Any CPU.Build.0 = Debug|Any CPU
		{2DEAFF67-C897-464C-940E-849D7187AFDA}.Release|Any CPU.ActiveCfg = Release|Any CPU
		{2DEAFF67-C897-464C-940E-849D7187AFDA}.Release|Any CPU.Build.0 = Release|Any CPU
	EndGlobalSection
	GlobalSection(SolutionProperties) = preSolution
		HideSolutionNode = FALSE
	EndGlobalSection
	GlobalSection(NestedProjects) = preSolution
		{F336B671-EBE5-4B7C-BFAA-338A7C30FB0A} = {17F60DC7-BBE9-483F-AC75-D3487F4808A0}
		{470FFB11-6CDD-48F9-B8F4-AACA04C4A30C} = {4B395406-8B4A-4BBB-8156-352E8CBB5AFC}
		{6ACF8874-A8DD-4074-90CF-22750B892572} = {E21D3D84-6602-476D-B2EC-0EF4F0374758}
		{F3A1E21F-6FAC-4888-979E-037BBA356B3B} = {E21D3D84-6602-476D-B2EC-0EF4F0374758}
		{A17244BD-8200-400F-9A83-FBD0D512C981} = {47208D52-4B05-46E4-B05B-15B4053B1856}
		{2DEAFF67-C897-464C-940E-849D7187AFDA} = {47208D52-4B05-46E4-B05B-15B4053B1856}
	EndGlobalSection
EndGlobal
