
Microsoft Visual Studio Solution File, Format Version 12.00
# Visual Studio Version 17
VisualStudioVersion = 17.12.35521.163
MinimumVisualStudioVersion = 10.0.40219.1
Project("{2150E333-8FDC-42A3-9474-1A3956D46DE8}") = "1.INTERFACE", "1.INTERFACE", "{17F60DC7-BBE9-483F-AC75-D3487F4808A0}"
EndProject
Project("{2150E333-8FDC-42A3-9474-1A3956D46DE8}") = "3.INFRASTRUCTURE", "3.INFRASTRUCTURE", "{4B395406-8B4A-4BBB-8156-352E8CBB5AFC}"
EndProject
Project("{2150E333-8FDC-42A3-9474-1A3956D46DE8}") = "2.SERVICES", "2.SERVICES", "{47208D52-4B05-46E4-B05B-15B4053B1856}"
EndProject
Project("{2150E333-8FDC-42A3-9474-1A3956D46DE8}") = "4.CORE", "4.CORE", "{E21D3D84-6602-476D-B2EC-0EF4F0374758}"
EndProject
Project("{FAE04EC0-301F-11D3-BF4B-00C04F79EFBC}") = "StudentMind.Infracstructure", "StudentMind.Infracstructure\StudentMind.Infracstructure.csproj", "{470FFB11-6CDD-48F9-B8F4-AACA04C4A30C}"
	ProjectSection(ProjectDependencies) = postProject
		{6ACF8874-A8DD-4074-90CF-22750B892572} = {6ACF8874-A8DD-4074-90CF-22750B892572}
	EndProjectSection
EndProject
Project("{FAE04EC0-301F-11D3-BF4B-00C04F79EFBC}") = "StudentMind.Core", "StudentMind.Cor\StudentMind.Core.csproj", "{6ACF8874-A8DD-4074-90CF-22750B892572}"
EndProject
Project("{FAE04EC0-301F-11D3-BF4B-00C04F79EFBC}") = "StudentMind.Services", "StudentMind.Contract.UseCases\StudentMind.Services.csproj", "{A17244BD-8200-400F-9A83-FBD0D512C981}"
EndProject
Project("{FAE04EC0-301F-11D3-BF4B-00C04F79EFBC}") = "StudentMind.BlazorPages", "StudentMind.BlazorPages\StudentMind.BlazorPages.csproj", "{92EBEDD6-D031-4769-A5AC-3680E3C13FCF}"
EndProject
Global
	GlobalSection(SolutionConfigurationPlatforms) = preSolution
		Debug|Any CPU = Debug|Any CPU
		Release|Any CPU = Release|Any CPU
	EndGlobalSection
	GlobalSection(ProjectConfigurationPlatforms) = postSolution
		{470FFB11-6CDD-48F9-B8F4-AACA04C4A30C}.Debug|Any CPU.ActiveCfg = Debug|Any CPU
		{470FFB11-6CDD-48F9-B8F4-AACA04C4A30C}.Debug|Any CPU.Build.0 = Debug|Any CPU
		{470FFB11-6CDD-48F9-B8F4-AACA04C4A30C}.Release|Any CPU.ActiveCfg = Release|Any CPU
		{470FFB11-6CDD-48F9-B8F4-AACA04C4A30C}.Release|Any CPU.Build.0 = Release|Any CPU
		{6ACF8874-A8DD-4074-90CF-22750B892572}.Debug|Any CPU.ActiveCfg = Debug|Any CPU
		{6ACF8874-A8DD-4074-90CF-22750B892572}.Debug|Any CPU.Build.0 = Debug|Any CPU
		{6ACF8874-A8DD-4074-90CF-22750B892572}.Release|Any CPU.ActiveCfg = Release|Any CPU
		{6ACF8874-A8DD-4074-90CF-22750B892572}.Release|Any CPU.Build.0 = Release|Any CPU
		{A17244BD-8200-400F-9A83-FBD0D512C981}.Debug|Any CPU.ActiveCfg = Debug|Any CPU
		{A17244BD-8200-400F-9A83-FBD0D512C981}.Debug|Any CPU.Build.0 = Debug|Any CPU
		{A17244BD-8200-400F-9A83-FBD0D512C981}.Release|Any CPU.ActiveCfg = Release|Any CPU
		{A17244BD-8200-400F-9A83-FBD0D512C981}.Release|Any CPU.Build.0 = Release|Any CPU
		{92EBEDD6-D031-4769-A5AC-3680E3C13FCF}.Debug|Any CPU.ActiveCfg = Debug|Any CPU
		{92EBEDD6-D031-4769-A5AC-3680E3C13FCF}.Debug|Any CPU.Build.0 = Debug|Any CPU
		{92EBEDD6-D031-4769-A5AC-3680E3C13FCF}.Release|Any CPU.ActiveCfg = Release|Any CPU
		{92EBEDD6-D031-4769-A5AC-3680E3C13FCF}.Release|Any CPU.Build.0 = Release|Any CPU
	EndGlobalSection
	GlobalSection(SolutionProperties) = preSolution
		HideSolutionNode = FALSE
	EndGlobalSection
	GlobalSection(NestedProjects) = preSolution
		{470FFB11-6CDD-48F9-B8F4-AACA04C4A30C} = {4B395406-8B4A-4BBB-8156-352E8CBB5AFC}
		{6ACF8874-A8DD-4074-90CF-22750B892572} = {E21D3D84-6602-476D-B2EC-0EF4F0374758}
		{A17244BD-8200-400F-9A83-FBD0D512C981} = {47208D52-4B05-46E4-B05B-15B4053B1856}
		{92EBEDD6-D031-4769-A5AC-3680E3C13FCF} = {17F60DC7-BBE9-483F-AC75-D3487F4808A0}
	EndGlobalSection
EndGlobal
